// !$*UTF8*$!
{
	archiveVersion = 1;
	classes = {
	};
	objectVersion = 56;
	objects = {

/* Begin PBXBuildFile section */
		0498C00C2B8D6015003C97B6 /* AppDelegate.swift in Sources */ = {isa = PBXBuildFile; fileRef = 0498C00B2B8D6015003C97B6 /* AppDelegate.swift */; };
		0498C00E2B8D6015003C97B6 /* SceneDelegate.swift in Sources */ = {isa = PBXBuildFile; fileRef = 0498C00D2B8D6015003C97B6 /* SceneDelegate.swift */; };
		0498C0102B8D6015003C97B6 /* ViewController.swift in Sources */ = {isa = PBXBuildFile; fileRef = 0498C00F2B8D6015003C97B6 /* ViewController.swift */; };
		0498C0132B8D6015003C97B6 /* Main.storyboard in Resources */ = {isa = PBXBuildFile; fileRef = 0498C0112B8D6015003C97B6 /* Main.storyboard */; };
		0498C0152B8D601B003C97B6 /* Assets.xcassets in Resources */ = {isa = PBXBuildFile; fileRef = 0498C0142B8D601B003C97B6 /* Assets.xcassets */; };
		0498C0182B8D601B003C97B6 /* LaunchScreen.storyboard in Resources */ = {isa = PBXBuildFile; fileRef = 0498C0162B8D601B003C97B6 /* LaunchScreen.storyboard */; };
		04A7E7322F0EF3A300DC0567 /* script.js in Resources */ = {isa = PBXBuildFile; fileRef = 04A7E72F2F0EF3A300DC0567 /* script.js */; };
		04A7E7332F0EF3A300DC0567 /* index.html in Resources */ = {isa = PBXBuildFile; fileRef = 04A7E7302F0EF3A300DC0567 /* index.html */; };
		04A7E7342F0EF3A300DC0567 /* styles.css in Resources */ = {isa = PBXBuildFile; fileRef = 04A7E7312F0EF3A300DC0567 /* styles.css */; };
/* End PBXBuildFile section */

/* Begin PBXFileReference section */
		0498C0082B8D6015003C97B6 /* To-Do Lite.app */ = {isa = PBXFileReference; explicitFileType = wrapper.application; includeInIndex = 0; path = "To-Do Lite.app"; sourceTree = BUILT_PRODUCTS_DIR; };
		0498C00B2B8D6015003C97B6 /* AppDelegate.swift */ = {isa = PBXFileReference; lastKnownFileType = sourcecode.swift; path = AppDelegate.swift; sourceTree = "<group>"; };
		0498C00D2B8D6015003C97B6 /* SceneDelegate.swift */ = {isa = PBXFileReference; lastKnownFileType = sourcecode.swift; path = SceneDelegate.swift; sourceTree = "<group>"; };
		0498C00F2B8D6015003C97B6 /* ViewController.swift */ = {isa = PBXFileReference; lastKnownFileType = sourcecode.swift; path = ViewController.swift; sourceTree = "<group>"; };
		0498C0122B8D6015003C97B6 /* Base */ = {isa = PBXFileReference; lastKnownFileType = file.storyboard; name = Base; path = Base.lproj/Main.storyboard; sourceTree = "<group>"; };
		0498C0142B8D601B003C97B6 /* Assets.xcassets */ = {isa = PBXFileReference; lastKnownFileType = folder.assetcatalog; path = Assets.xcassets; sourceTree = "<group>"; };
		0498C0172B8D601B003C97B6 /* Base */ = {isa = PBXFileReference; lastKnownFileType = file.storyboard; name = Base; path = Base.lproj/LaunchScreen.storyboard; sourceTree = "<group>"; };
		0498C0192B8D601B003C97B6 /* Info.plist */ = {isa = PBXFileReference; lastKnownFileType = text.plist.xml; path = Info.plist; sourceTree = "<group>"; };
		04A7E72F2F0EF3A300DC0567 /* script.js */ = {isa = PBXFileReference; fileEncoding = 4; lastKnownFileType = sourcecode.javascript; path = script.js; sourceTree = "<group>"; };
		04A7E7302F0EF3A300DC0567 /* index.html */ = {isa = PBXFileReference; fileEncoding = 4; lastKnownFileType = text.html; path = index.html; sourceTree = "<group>"; };
		04A7E7312F0EF3A300DC0567 /* styles.css */ = {isa = PBXFileReference; fileEncoding = 4; lastKnownFileType = text.css; path = styles.css; sourceTree = "<group>"; };
/* End PBXFileReference section */

/* Begin PBXFrameworksBuildPhase section */
		0498C0052B8D6015003C97B6 /* Frameworks */ = {
			isa = PBXFrameworksBuildPhase;
			buildActionMask = 2147483647;
			files = (
			);
			runOnlyForDeploymentPostprocessing = 0;
		};
/* End PBXFrameworksBuildPhase section */

/* Begin PBXGroup section */
		0498BFFF2B8D6015003C97B6 = {
			isa = PBXGroup;
			children = (
				0498C00A2B8D6015003C97B6 /* To-Do Lite */,
				0498C0092B8D6015003C97B6 /* Products */,
			);
			sourceTree = "<group>";
		};
		0498C0092B8D6015003C97B6 /* Products */ = {
			isa = PBXGroup;
			children = (
				0498C0082B8D6015003C97B6 /* To-Do Lite.app */,
			);
			name = Products;
			sourceTree = "<group>";
		};
		0498C00A2B8D6015003C97B6 /* To-Do Lite */ = {
			isa = PBXGroup;
			children = (
				0498C00B2B8D6015003C97B6 /* AppDelegate.swift */,
				0498C00D2B8D6015003C97B6 /* SceneDelegate.swift */,
				0498C00F2B8D6015003C97B6 /* ViewController.swift */,
				0498C0112B8D6015003C97B6 /* Main.storyboard */,
				0498C0142B8D601B003C97B6 /* Assets.xcassets */,
				0498C0162B8D601B003C97B6 /* LaunchScreen.storyboard */,
				0498C0192B8D601B003C97B6 /* Info.plist */,
				04A7E7352F0EF3AC00DC0567 /* WebApp */,
			);
			path = "To-Do Lite";
			sourceTree = "<group>";
		};
		04A7E7352F0EF3AC00DC0567 /* WebApp */ = {
			isa = PBXGroup;
			children = (
				04A7E7302F0EF3A300DC0567 /* index.html */,
				04A7E72F2F0EF3A300DC0567 /* script.js */,
				04A7E7312F0EF3A300DC0567 /* styles.css */,
			);
			path = WebApp;
			sourceTree = "<group>";
		};
/* End PBXGroup section */

/* Begin PBXNativeTarget section */
		0498C0072B8D6015003C97B6 /* To-Do Lite */ = {
			isa = PBXNativeTarget;
			buildConfigurationList = 0498C01C2B8D601B003C97B6 /* Build configuration list for PBXNativeTarget "To-Do Lite" */;
			buildPhases = (
				0498C0042B8D6015003C97B6 /* Sources */,
				0498C0052B8D6015003C97B6 /* Frameworks */,
				0498C0062B8D6015003C97B6 /* Resources */,
			);
			buildRules = (
			);
			dependencies = (
			);
			name = "To-Do Lite";
			productName = "To-Do Lite";
			productReference = 0498C0082B8D6015003C97B6 /* To-Do Lite.app */;
			productType = "com.apple.product-type.application";
		};
/* End PBXNativeTarget section */

/* Begin PBXProject section */
		0498C0002B8D6015003C97B6 /* Project object */ = {
			isa = PBXProject;
			attributes = {
				BuildIndependentTargetsInParallel = 1;
				LastSwiftUpdateCheck = 1500;
				LastUpgradeCheck = 1500;
				TargetAttributes = {
					0498C0072B8D6015003C97B6 = {
						CreatedOnToolsVersion = 15.0;
					};
				};
			};
			buildConfigurationList = 0498C0032B8D6015003C97B6 /* Build configuration list for PBXProject "To-Do Lite" */;
			compatibilityVersion = "Xcode 14.0";
			developmentRegion = en;
			hasScannedForEncodings = 0;
			knownRegions = (
				en,
				Base,
			);
			mainGroup = 0498BFFF2B8D6015003C97B6;
			productRefGroup = 0498C0092B8D6015003C97B6 /* Products */;
			projectDirPath = "";
			projectRoot = "";
			targets = (
				0498C0072B8D6015003C97B6 /* To-Do Lite */,
			);
		};
/* End PBXProject section */

/* Begin PBXResourcesBuildPhase section */
		0498C0062B8D6015003C97B6 /* Resources */ = {
			isa = PBXResourcesBuildPhase;
			buildActionMask = 2147483647;
			files = (
				04A7E7332F0EF3A300DC0567 /* index.html in Resources */,
				0498C0182B8D601B003C97B6 /* LaunchScreen.storyboard in Resources */,
				04A7E7322F0EF3A300DC0567 /* script.js in Resources */,
				04A7E7342F0EF3A300DC0567 /* styles.css in Resources */,
				0498C0152B8D601B003C97B6 /* Assets.xcassets in Resources */,
				0498C0132B8D6015003C97B6 /* Main.storyboard in Resources */,
			);
			runOnlyForDeploymentPostprocessing = 0;
		};
/* End PBXResourcesBuildPhase section */

/* Begin PBXSourcesBuildPhase section */
		0498C0042B8D6015003C97B6 /* Sources */ = {
			isa = PBXSourcesBuildPhase;
			buildActionMask = 2147483647;
			files = (
				0498C0102B8D6015003C97B6 /* ViewController.swift in Sources */,
				0498C00C2B8D6015003C97B6 /* AppDelegate.swift in Sources */,
				0498C00E2B8D6015003C97B6 /* SceneDelegate.swift in Sources */,
			);
			runOnlyForDeploymentPostprocessing = 0;
		};
/* End PBXSourcesBuildPhase section */

/* Begin PBXVariantGroup section */
		0498C0112B8D6015003C97B6 /* Main.storyboard */ = {
			isa = PBXVariantGroup;
			children = (
				0498C0122B8D6015003C97B6 /* Base */,
			);
			name = Main.storyboard;
			sourceTree = "<group>";
		};
		0498C0162B8D601B003C97B6 /* LaunchScreen.storyboard */ = {
			isa = PBXVariantGroup;
			children = (
				0498C0172B8D601B003C97B6 /* Base */,
			);
			name = LaunchScreen.storyboard;
			sourceTree = "<group>";
		};
/* End PBXVariantGroup section */

/* Begin XCBuildConfiguration section */
		0498C01A2B8D601B003C97B6 /* Debug */ = {
			isa = XCBuildConfiguration;
			buildSettings = {
				ALWAYS_SEARCH_USER_PATHS = NO;
				ASSETCATALOG_COMPILER_GENERATE_SWIFT_ASSET_SYMBOL_EXTENSIONS = YES;
				CLANG_ANALYZER_NONNULL = YES;
				CLANG_ANALYZER_NUMBER_OBJECT_CONVERSION = YES_AGGRESSIVE;
				CLANG_CXX_LANGUAGE_STANDARD = "gnu++20";
				CLANG_ENABLE_MODULES = YES;
				CLANG_ENABLE_OBJC_ARC = YES;
				CLANG_ENABLE_OBJC_WEAK = YES;
				CLANG_WARN_BLOCK_CAPTURE_AUTORELEASING = YES;
				CLANG_WARN_BOOL_CONVERSION = YES;
				CLANG_WARN_COMMA = YES;
				CLANG_WARN_CONSTANT_CONVERSION = YES;
				CLANG_WARN_DEPRECATED_OBJC_IMPLEMENTATIONS = YES;
				CLANG_WARN_DIRECT_OBJC_ISA_USAGE = YES_ERROR;
				CLANG_WARN_DOCUMENTATION_COMMENTS = YES;
				CLANG_WARN_EMPTY_BODY = YES;
				CLANG_WARN_ENUM_CONVERSION = YES;
				CLANG_WARN_INFINITE_RECURSION = YES;
				CLANG_WARN_INT_CONVERSION = YES;
				CLANG_WARN_NON_LITERAL_NULL_CONVERSION = YES;
				CLANG_WARN_OBJC_IMPLICIT_RETAIN_SELF = YES;
				CLANG_WARN_OBJC_LITERAL_CONVERSION = YES;
				CLANG_WARN_OBJC_ROOT_CLASS = YES_ERROR;
				CLANG_WARN_QUOTED_INCLUDE_IN_FRAMEWORK_HEADER = YES;
				CLANG_WARN_RANGE_LOOP_ANALYSIS = YES;
				CLANG_WARN_STRICT_PROTOTYPES = YES;
				CLANG_WARN_SUSPICIOUS_MOVE = YES;
				CLANG_WARN_UNGUARDED_AVAILABILITY = YES_AGGRESSIVE;
				CLANG_WARN_UNREACHABLE_CODE = YES;
				CLANG_WARN__DUPLICATE_METHOD_MATCH = YES;
				COPY_PHASE_STRIP = NO;
				DEBUG_INFORMATION_FORMAT = dwarf;
				ENABLE_STRICT_OBJC_MSGSEND = YES;
				ENABLE_TESTABILITY = YES;
				ENABLE_USER_SCRIPT_SANDBOXING = YES;
				GCC_C_LANGUAGE_STANDARD = gnu17;
				GCC_DYNAMIC_NO_PIC = NO;
				GCC_NO_COMMON_BLOCKS = YES;
				GCC_OPTIMIZATION_LEVEL = 0;
				GCC_PREPROCESSOR_DEFINITIONS = (
					"DEBUG=1",
					"$(inherited)",
				);
				GCC_WARN_64_TO_32_BIT_CONVERSION = YES;
				GCC_WARN_ABOUT_RETURN_TYPE = YES_ERROR;
				GCC_WARN_UNDECLARED_SELECTOR = YES;
				GCC_WARN_UNINITIALIZED_AUTOS = YES_AGGRESSIVE;
				GCC_WARN_UNUSED_FUNCTION = YES;
				GCC_WARN_UNUSED_VARIABLE = YES;
				IPHONEOS_DEPLOYMENT_TARGET = 17.0;
				LOCALIZATION_PREFERS_STRING_CATALOGS = YES;
				MTL_ENABLE_DEBUG_INFO = INCLUDE_SOURCE;
				MTL_FAST_MATH = YES;
				ONLY_ACTIVE_ARCH = YES;
				SDKROOT = iphoneos;
				SWIFT_ACTIVE_COMPILATION_CONDITIONS = "DEBUG $(inherited)";
				SWIFT_OPTIMIZATION_LEVEL = "-Onone";
			};
			name = Debug;
		};
		0498C01B2B8D601B003C97B6 /* Release */ = {
			isa = XCBuildConfiguration;
			buildSettings = {
				ALWAYS_SEARCH_USER_PATHS = NO;
				ASSETCATALOG_COMPILER_GENERATE_SWIFT_ASSET_SYMBOL_EXTENSIONS = YES;
				CLANG_ANALYZER_NONNULL = YES;
				CLANG_ANALYZER_NUMBER_OBJECT_CONVERSION = YES_AGGRESSIVE;
				CLANG_CXX_LANGUAGE_STANDARD = "gnu++20";
				CLANG_ENABLE_MODULES = YES;
				CLANG_ENABLE_OBJC_ARC = YES;
				CLANG_ENABLE_OBJC_WEAK = YES;
				CLANG_WARN_BLOCK_CAPTURE_AUTORELEASING = YES;
				CLANG_WARN_BOOL_CONVERSION = YES;
				CLANG_WARN_COMMA = YES;
				CLANG_WARN_CONSTANT_CONVERSION = YES;
				CLANG_WARN_DEPRECATED_OBJC_IMPLEMENTATIONS = YES;
				CLANG_WARN_DIRECT_OBJC_ISA_USAGE = YES_ERROR;
				CLANG_WARN_DOCUMENTATION_COMMENTS = YES;
				CLANG_WARN_EMPTY_BODY = YES;
				CLANG_WARN_ENUM_CONVERSION = YES;
				CLANG_WARN_INFINITE_RECURSION = YES;
				CLANG_WARN_INT_CONVERSION = YES;
				CLANG_WARN_NON_LITERAL_NULL_CONVERSION = YES;
				CLANG_WARN_OBJC_IMPLICIT_RETAIN_SELF = YES;
				CLANG_WARN_OBJC_LITERAL_CONVERSION = YES;
				CLANG_WARN_OBJC_ROOT_CLASS = YES_ERROR;
				CLANG_WARN_QUOTED_INCLUDE_IN_FRAMEWORK_HEADER = YES;
				CLANG_WARN_RANGE_LOOP_ANALYSIS = YES;
				CLANG_WARN_STRICT_PROTOTYPES = YES;
				CLANG_WARN_SUSPICIOUS_MOVE = YES;
				CLANG_WARN_UNGUARDED_AVAILABILITY = YES_AGGRESSIVE;
				CLANG_WARN_UNREACHABLE_CODE = YES;
				CLANG_WARN__DUPLICATE_METHOD_MATCH = YES;
				COPY_PHASE_STRIP = NO;
				DEBUG_INFORMATION_FORMAT = "dwarf-with-dsym";
				ENABLE_NS_ASSERTIONS = NO;
				ENABLE_STRICT_OBJC_MSGSEND = YES;
				ENABLE_USER_SCRIPT_SANDBOXING = YES;
				GCC_C_LANGUAGE_STANDARD = gnu17;
				GCC_NO_COMMON_BLOCKS = YES;
				GCC_WARN_64_TO_32_BIT_CONVERSION = YES;
				GCC_WARN_ABOUT_RETURN_TYPE = YES_ERROR;
				GCC_WARN_UNDECLARED_SELECTOR = YES;
				GCC_WARN_UNINITIALIZED_AUTOS = YES_AGGRESSIVE;
				GCC_WARN_UNUSED_FUNCTION = YES;
				GCC_WARN_UNUSED_VARIABLE = YES;
				IPHONEOS_DEPLOYMENT_TARGET = 17.0;
				LOCALIZATION_PREFERS_STRING_CATALOGS = YES;
				MTL_ENABLE_DEBUG_INFO = NO;
				MTL_FAST_MATH = YES;
				SDKROOT = iphoneos;
				SWIFT_COMPILATION_MODE = wholemodule;
				VALIDATE_PRODUCT = YES;
			};
			name = Release;
		};
		0498C01D2B8D601B003C97B6 /* Debug */ = {
			isa = XCBuildConfiguration;
			buildSettings = {
				ASSETCATALOG_COMPILER_APPICON_NAME = AppIcon;
				ASSETCATALOG_COMPILER_GLOBAL_ACCENT_COLOR_NAME = AccentColor;
				CODE_SIGN_STYLE = Automatic;
				CURRENT_PROJECT_VERSION = 1;
				DEVELOPMENT_TEAM = 9BB2SW97R4;
				GENERATE_INFOPLIST_FILE = YES;
				INFOPLIST_FILE = "To-Do Lite/Info.plist";
				INFOPLIST_KEY_UIApplicationSupportsIndirectInputEvents = YES;
				INFOPLIST_KEY_UILaunchStoryboardName = LaunchScreen;
				INFOPLIST_KEY_UIMainStoryboardFile = Main;
				INFOPLIST_KEY_UISupportedInterfaceOrientations_iPad = "UIInterfaceOrientationPortrait UIInterfaceOrientationPortraitUpsideDown UIInterfaceOrientationLandscapeLeft UIInterfaceOrientationLandscapeRight";
				INFOPLIST_KEY_UISupportedInterfaceOrientations_iPhone = "UIInterfaceOrientationPortrait UIInterfaceOrientationLandscapeLeft UIInterfaceOrientationLandscapeRight";
				IPHONEOS_DEPLOYMENT_TARGET = 16.6;
				LD_RUNPATH_SEARCH_PATHS = (
					"$(inherited)",
					"@executable_path/Frameworks",
				);
				MARKETING_VERSION = 1.0;
				PRODUCT_BUNDLE_IDENTIFIER = "lupe.To-Do-Lite";
				PRODUCT_NAME = "$(TARGET_NAME)";
				SWIFT_EMIT_LOC_STRINGS = YES;
				SWIFT_VERSION = 5.0;
				TARGETED_DEVICE_FAMILY = "1,2";
			};
			name = Debug;
		};
		0498C01E2B8D601B003C97B6 /* Release */ = {
			isa = XCBuildConfiguration;
			buildSettings = {
				ASSETCATALOG_COMPILER_APPICON_NAME = AppIcon;
				ASSETCATALOG_COMPILER_GLOBAL_ACCENT_COLOR_NAME = AccentColor;
				CODE_SIGN_STYLE = Automatic;
				CURRENT_PROJECT_VERSION = 1;
				DEVELOPMENT_TEAM = 9BB2SW97R4;
				GENERATE_INFOPLIST_FILE = YES;
				INFOPLIST_FILE = "To-Do Lite/Info.plist";
				INFOPLIST_KEY_UIApplicationSupportsIndirectInputEvents = YES;
				INFOPLIST_KEY_UILaunchStoryboardName = LaunchScreen;
				INFOPLIST_KEY_UIMainStoryboardFile = Main;
				INFOPLIST_KEY_UISupportedInterfaceOrientations_iPad = "UIInterfaceOrientationPortrait UIInterfaceOrientationPortraitUpsideDown UIInterfaceOrientationLandscapeLeft UIInterfaceOrientationLandscapeRight";
				INFOPLIST_KEY_UISupportedInterfaceOrientations_iPhone = "UIInterfaceOrientationPortrait UIInterfaceOrientationLandscapeLeft UIInterfaceOrientationLandscapeRight";
				IPHONEOS_DEPLOYMENT_TARGET = 16.6;
				LD_RUNPATH_SEARCH_PATHS = (
					"$(inherited)",
					"@executable_path/Frameworks",
				);
				MARKETING_VERSION = 1.0;
				PRODUCT_BUNDLE_IDENTIFIER = "lupe.To-Do-Lite";
				PRODUCT_NAME = "$(TARGET_NAME)";
				SWIFT_EMIT_LOC_STRINGS = YES;
				SWIFT_VERSION = 5.0;
				TARGETED_DEVICE_FAMILY = "1,2";
			};
			name = Release;
		};
/* End XCBuildConfiguration section */

/* Begin XCConfigurationList section */
		0498C0032B8D6015003C97B6 /* Build configuration list for PBXProject "To-Do Lite" */ = {
			isa = XCConfigurationList;
			buildConfigurations = (
				0498C01A2B8D601B003C97B6 /* Debug */,
				0498C01B2B8D601B003C97B6 /* Release */,
			);
			defaultConfigurationIsVisible = 0;
			defaultConfigurationName = Release;
		};
		0498C01C2B8D601B003C97B6 /* Build configuration list for PBXNativeTarget "To-Do Lite" */ = {
			isa = XCConfigurationList;
			buildConfigurations = (
				0498C01D2B8D601B003C97B6 /* Debug */,
				0498C01E2B8D601B003C97B6 /* Release */,
			);
			defaultConfigurationIsVisible = 0;
			defaultConfigurationName = Release;
		};
/* End XCConfigurationList section */
	};
	rootObject = 0498C0002B8D6015003C97B6 /* Project object */;
}
